# Made by RandomHashTags | TODO: fix this
enabled: false
#
name: "Teleblock"
lore:
  - "&eActive Soul Enchantment. Your bow is"
  - "&eenchanted with enderpearl blocking"
  - "&emagic, damaged players will be unable"
  - "&eto use enderpearls for up to 20"
  - "&eseconds, and will lose up to 15"
  - "&eenderpearls from their inventory."
  - "&eCosts level x 6 souls per shot."
#
max level: 5
applies to: "bow"
#
alchemist: "7000:9000:11000:13000"
tinkerer: "160:175:190:205:220"
#
attributes:
  - "EntityShootBow;ShooterIsInList=SOUL_TRAPPED;Return=false"
  - "EntityShootBow;ShooterHasActiveRarityGem=SOUL:true;ShooterDepleteRarityGem=SOUL:level*6;ShooterAddToList=TELEBLOCK"
  - "ProjectileHit;ShooterIsInList=TELEBLOCK;VictimIsType=PLAYER;VictimRemoveItem=ENDER_PEARL"